
Microsoft Visual Studio Solution File, Format Version 12.00
# Visual Studio Version 16
VisualStudioVersion = 16.0.31624.102
MinimumVisualStudioVersion = 10.0.40219.1
Project("{FAE04EC0-301F-11D3-BF4B-00C04F79EFBC}") = "mv", "mv\mv.csproj", "{BF742D54-D69B-4CB9-9812-6071D8487EFF}"
EndProject
Global
	GlobalSection(SolutionConfigurationPlatforms) = preSolution
		Debug|Any CPU = Debug|Any CPU
		Release|Any CPU = Release|Any CPU
	EndGlobalSection
	GlobalSection(ProjectConfigurationPlatforms) = postSolution
		{BF742D54-D69B-4CB9-9812-6071D8487EFF}.Debug|Any CPU.ActiveCfg = Debug|Any CPU
		{BF742D54-D69B-4CB9-9812-6071D8487EFF}.Debug|Any CPU.Build.0 = Debug|Any CPU
		{BF742D54-D69B-4CB9-9812-6071D8487EFF}.Release|Any CPU.ActiveCfg = Release|Any CPU
		{BF742D54-D69B-4CB9-9812-6071D8487EFF}.Release|Any CPU.Build.0 = Release|Any CPU
	EndGlobalSection
	GlobalSection(SolutionProperties) = preSolution
		HideSolutionNode = FALSE
	EndGlobalSection
	GlobalSection(ExtensibilityGlobals) = postSolution
		SolutionGuid = {695E03C7-B108-457E-BCAB-488B3E1DD6B5}
	EndGlobalSection
EndGlobal
